
Microsoft Visual Studio Solution File, Format Version 12.00
Project("{FAE04EC0-301F-11D3-BF4B-00C04F79EFBC}") = "ConsoleEngine", "ConsoleEngine\ConsoleEngine.csproj", "{2E89C145-AD32-408F-A845-78C0B16E7B0B}"
EndProject
Global
	GlobalSection(SolutionConfigurationPlatforms) = preSolution
		Debug|Any CPU = Debug|Any CPU
		Release|Any CPU = Release|Any CPU
	EndGlobalSection
	GlobalSection(ProjectConfigurationPlatforms) = postSolution
		{2E89C145-AD32-408F-A845-78C0B16E7B0B}.Debug|Any CPU.ActiveCfg = Debug|Any CPU
		{2E89C145-AD32-408F-A845-78C0B16E7B0B}.Debug|Any CPU.Build.0 = Debug|Any CPU
		{2E89C145-AD32-408F-A845-78C0B16E7B0B}.Release|Any CPU.ActiveCfg = Release|Any CPU
		{2E89C145-AD32-408F-A845-78C0B16E7B0B}.Release|Any CPU.Build.0 = Release|Any CPU
	EndGlobalSection
EndGlobal
